
Microsoft Visual Studio Solution File, Format Version 12.00
# Visual Studio 15
VisualStudioVersion = 15.0.27428.2027
MinimumVisualStudioVersion = 10.0.40219.1
Project("{FAE04EC0-301F-11D3-BF4B-00C04F79EFBC}") = "App1.Android", "App1\App1.Android\App1.Android.csproj", "{4C1F2556-0ADC-4915-B92D-E4AE6D4F06DD}"
EndProject
Project("{FAE04EC0-301F-11D3-BF4B-00C04F79EFBC}") = "App1.iOS", "App1\App1.iOS\App1.iOS.csproj", "{A59E4399-0649-40C5-AF4C-DD518601A2A1}"
EndProject
Project("{FAE04EC0-301F-11D3-BF4B-00C04F79EFBC}") = "App1.UWP", "App1\App1.UWP\App1.UWP.csproj", "{579579FA-6D8E-4F73-8DF9-24C86AAF4A05}"
EndProject
Project("{FAE04EC0-301F-11D3-BF4B-00C04F79EFBC}") = "App1", "App1\App1\App1.csproj", "{DBB91724-EA16-419A-BE60-966F63F0CDAA}"
EndProject
Global
	GlobalSection(SolutionConfigurationPlatforms) = preSolution
		Ad-Hoc|Any CPU = Ad-Hoc|Any CPU
		Ad-Hoc|ARM = Ad-Hoc|ARM
		Ad-Hoc|iPhone = Ad-Hoc|iPhone
		Ad-Hoc|iPhoneSimulator = Ad-Hoc|iPhoneSimulator
		Ad-Hoc|x64 = Ad-Hoc|x64
		Ad-Hoc|x86 = Ad-Hoc|x86
		AppStore|Any CPU = AppStore|Any CPU
		AppStore|ARM = AppStore|ARM
		AppStore|iPhone = AppStore|iPhone
		AppStore|iPhoneSimulator = AppStore|iPhoneSimulator
		AppStore|x64 = AppStore|x64
		AppStore|x86 = AppStore|x86
		Debug|Any CPU = Debug|Any CPU
		Debug|ARM = Debug|ARM
		Debug|iPhone = Debug|iPhone
		Debug|iPhoneSimulator = Debug|iPhoneSimulator
		Debug|x64 = Debug|x64
		Debug|x86 = Debug|x86
		Release|Any CPU = Release|Any CPU
		Release|ARM = Release|ARM
		Release|iPhone = Release|iPhone
		Release|iPhoneSimulator = Release|iPhoneSimulator
		Release|x64 = Release|x64
		Release|x86 = Release|x86
	EndGlobalSection
	GlobalSection(ProjectConfigurationPlatforms) = postSolution
		{4C1F2556-0ADC-4915-B92D-E4AE6D4F06DD}.Ad-Hoc|Any CPU.ActiveCfg = Release|Any CPU
		{4C1F2556-0ADC-4915-B92D-E4AE6D4F06DD}.Ad-Hoc|Any CPU.Build.0 = Release|Any CPU
		{4C1F2556-0ADC-4915-B92D-E4AE6D4F06DD}.Ad-Hoc|Any CPU.Deploy.0 = Release|Any CPU
		{4C1F2556-0ADC-4915-B92D-E4AE6D4F06DD}.Ad-Hoc|ARM.ActiveCfg = Release|Any CPU
		{4C1F2556-0ADC-4915-B92D-E4AE6D4F06DD}.Ad-Hoc|ARM.Build.0 = Release|Any CPU
		{4C1F2556-0ADC-4915-B92D-E4AE6D4F06DD}.Ad-Hoc|ARM.Deploy.0 = Release|Any CPU
		{4C1F2556-0ADC-4915-B92D-E4AE6D4F06DD}.Ad-Hoc|iPhone.ActiveCfg = Release|Any CPU
		{4C1F2556-0ADC-4915-B92D-E4AE6D4F06DD}.Ad-Hoc|iPhone.Build.0 = Release|Any CPU
		{4C1F2556-0ADC-4915-B92D-E4AE6D4F06DD}.Ad-Hoc|iPhone.Deploy.0 = Release|Any CPU
		{4C1F2556-0ADC-4915-B92D-E4AE6D4F06DD}.Ad-Hoc|iPhoneSimulator.ActiveCfg = Release|Any CPU
		{4C1F2556-0ADC-4915-B92D-E4AE6D4F06DD}.Ad-Hoc|iPhoneSimulator.Build.0 = Release|Any CPU
		{4C1F2556-0ADC-4915-B92D-E4AE6D4F06DD}.Ad-Hoc|iPhoneSimulator.Deploy.0 = Release|Any CPU
		{4C1F2556-0ADC-4915-B92D-E4AE6D4F06DD}.Ad-Hoc|x64.ActiveCfg = Release|Any CPU
		{4C1F2556-0ADC-4915-B92D-E4AE6D4F06DD}.Ad-Hoc|x64.Build.0 = Release|Any CPU
		{4C1F2556-0ADC-4915-B92D-E4AE6D4F06DD}.Ad-Hoc|x64.Deploy.0 = Release|Any CPU
		{4C1F2556-0ADC-4915-B92D-E4AE6D4F06DD}.Ad-Hoc|x86.ActiveCfg = Release|Any CPU
		{4C1F2556-0ADC-4915-B92D-E4AE6D4F06DD}.Ad-Hoc|x86.Build.0 = Release|Any CPU
		{4C1F2556-0ADC-4915-B92D-E4AE6D4F06DD}.Ad-Hoc|x86.Deploy.0 = Release|Any CPU
		{4C1F2556-0ADC-4915-B92D-E4AE6D4F06DD}.AppStore|Any CPU.ActiveCfg = Release|Any CPU
		{4C1F2556-0ADC-4915-B92D-E4AE6D4F06DD}.AppStore|Any CPU.Build.0 = Release|Any CPU
		{4C1F2556-0ADC-4915-B92D-E4AE6D4F06DD}.AppStore|Any CPU.Deploy.0 = Release|Any CPU
		{4C1F2556-0ADC-4915-B92D-E4AE6D4F06DD}.AppStore|ARM.ActiveCfg = Release|Any CPU
		{4C1F2556-0ADC-4915-B92D-E4AE6D4F06DD}.AppStore|ARM.Build.0 = Release|Any CPU
		{4C1F2556-0ADC-4915-B92D-E4AE6D4F06DD}.AppStore|ARM.Deploy.0 = Release|Any CPU
		{4C1F2556-0ADC-4915-B92D-E4AE6D4F06DD}.AppStore|iPhone.ActiveCfg = Release|Any CPU
		{4C1F2556-0ADC-4915-B92D-E4AE6D4F06DD}.AppStore|iPhone.Build.0 = Release|Any CPU
		{4C1F2556-0ADC-4915-B92D-E4AE6D4F06DD}.AppStore|iPhone.Deploy.0 = Release|Any CPU
		{4C1F2556-0ADC-4915-B92D-E4AE6D4F06DD}.AppStore|iPhoneSimulator.ActiveCfg = Release|Any CPU
		{4C1F2556-0ADC-4915-B92D-E4AE6D4F06DD}.AppStore|iPhoneSimulator.Build.0 = Release|Any CPU
		{4C1F2556-0ADC-4915-B92D-E4AE6D4F06DD}.AppStore|iPhoneSimulator.Deploy.0 = Release|Any CPU
		{4C1F2556-0ADC-4915-B92D-E4AE6D4F06DD}.AppStore|x64.ActiveCfg = Release|Any CPU
		{4C1F2556-0ADC-4915-B92D-E4AE6D4F06DD}.AppStore|x64.Build.0 = Release|Any CPU
		{4C1F2556-0ADC-4915-B92D-E4AE6D4F06DD}.AppStore|x64.Deploy.0 = Release|Any CPU
		{4C1F2556-0ADC-4915-B92D-E4AE6D4F06DD}.AppStore|x86.ActiveCfg = Release|Any CPU
		{4C1F2556-0ADC-4915-B92D-E4AE6D4F06DD}.AppStore|x86.Build.0 = Release|Any CPU
		{4C1F2556-0ADC-4915-B92D-E4AE6D4F06DD}.AppStore|x86.Deploy.0 = Release|Any CPU
		{4C1F2556-0ADC-4915-B92D-E4AE6D4F06DD}.Debug|Any CPU.ActiveCfg = Debug|Any CPU
		{4C1F2556-0ADC-4915-B92D-E4AE6D4F06DD}.Debug|Any CPU.Build.0 = Debug|Any CPU
		{4C1F2556-0ADC-4915-B92D-E4AE6D4F06DD}.Debug|Any CPU.Deploy.0 = Debug|Any CPU
		{4C1F2556-0ADC-4915-B92D-E4AE6D4F06DD}.Debug|ARM.ActiveCfg = Debug|Any CPU
		{4C1F2556-0ADC-4915-B92D-E4AE6D4F06DD}.Debug|ARM.Build.0 = Debug|Any CPU
		{4C1F2556-0ADC-4915-B92D-E4AE6D4F06DD}.Debug|ARM.Deploy.0 = Debug|Any CPU
		{4C1F2556-0ADC-4915-B92D-E4AE6D4F06DD}.Debug|iPhone.ActiveCfg = Debug|Any CPU
		{4C1F2556-0ADC-4915-B92D-E4AE6D4F06DD}.Debug|iPhone.Build.0 = Debug|Any CPU
		{4C1F2556-0ADC-4915-B92D-E4AE6D4F06DD}.Debug|iPhone.Deploy.0 = Debug|Any CPU
		{4C1F2556-0ADC-4915-B92D-E4AE6D4F06DD}.Debug|iPhoneSimulator.ActiveCfg = Debug|Any CPU
		{4C1F2556-0ADC-4915-B92D-E4AE6D4F06DD}.Debug|iPhoneSimulator.Build.0 = Debug|Any CPU
		{4C1F2556-0ADC-4915-B92D-E4AE6D4F06DD}.Debug|iPhoneSimulator.Deploy.0 = Debug|Any CPU
		{4C1F2556-0ADC-4915-B92D-E4AE6D4F06DD}.Debug|x64.ActiveCfg = Debug|Any CPU
		{4C1F2556-0ADC-4915-B92D-E4AE6D4F06DD}.Debug|x64.Build.0 = Debug|Any CPU
		{4C1F2556-0ADC-4915-B92D-E4AE6D4F06DD}.Debug|x64.Deploy.0 = Debug|Any CPU
		{4C1F2556-0ADC-4915-B92D-E4AE6D4F06DD}.Debug|x86.ActiveCfg = Debug|Any CPU
		{4C1F2556-0ADC-4915-B92D-E4AE6D4F06DD}.Debug|x86.Build.0 = Debug|Any CPU
		{4C1F2556-0ADC-4915-B92D-E4AE6D4F06DD}.Debug|x86.Deploy.0 = Debug|Any CPU
		{4C1F2556-0ADC-4915-B92D-E4AE6D4F06DD}.Release|Any CPU.ActiveCfg = Release|Any CPU
		{4C1F2556-0ADC-4915-B92D-E4AE6D4F06DD}.Release|Any CPU.Build.0 = Release|Any CPU
		{4C1F2556-0ADC-4915-B92D-E4AE6D4F06DD}.Release|Any CPU.Deploy.0 = Release|Any CPU
		{4C1F2556-0ADC-4915-B92D-E4AE6D4F06DD}.Release|ARM.ActiveCfg = Release|Any CPU
		{4C1F2556-0ADC-4915-B92D-E4AE6D4F06DD}.Release|ARM.Build.0 = Release|Any CPU
		{4C1F2556-0ADC-4915-B92D-E4AE6D4F06DD}.Release|ARM.Deploy.0 = Release|Any CPU
		{4C1F2556-0ADC-4915-B92D-E4AE6D4F06DD}.Release|iPhone.ActiveCfg = Release|Any CPU
		{4C1F2556-0ADC-4915-B92D-E4AE6D4F06DD}.Release|iPhone.Build.0 = Release|Any CPU
		{4C1F2556-0ADC-4915-B92D-E4AE6D4F06DD}.Release|iPhone.Deploy.0 = Release|Any CPU
		{4C1F2556-0ADC-4915-B92D-E4AE6D4F06DD}.Release|iPhoneSimulator.ActiveCfg = Release|Any CPU
		{4C1F2556-0ADC-4915-B92D-E4AE6D4F06DD}.Release|iPhoneSimulator.Build.0 = Release|Any CPU
		{4C1F2556-0ADC-4915-B92D-E4AE6D4F06DD}.Release|iPhoneSimulator.Deploy.0 = Release|Any CPU
		{4C1F2556-0ADC-4915-B92D-E4AE6D4F06DD}.Release|x64.ActiveCfg = Release|Any CPU
		{4C1F2556-0ADC-4915-B92D-E4AE6D4F06DD}.Release|x64.Build.0 = Release|Any CPU
		{4C1F2556-0ADC-4915-B92D-E4AE6D4F06DD}.Release|x64.Deploy.0 = Release|Any CPU
		{4C1F2556-0ADC-4915-B92D-E4AE6D4F06DD}.Release|x86.ActiveCfg = Release|Any CPU
		{4C1F2556-0ADC-4915-B92D-E4AE6D4F06DD}.Release|x86.Build.0 = Release|Any CPU
		{4C1F2556-0ADC-4915-B92D-E4AE6D4F06DD}.Release|x86.Deploy.0 = Release|Any CPU
		{A59E4399-0649-40C5-AF4C-DD518601A2A1}.Ad-Hoc|Any CPU.ActiveCfg = Ad-Hoc|iPhone
		{A59E4399-0649-40C5-AF4C-DD518601A2A1}.Ad-Hoc|ARM.ActiveCfg = Ad-Hoc|iPhone
		{A59E4399-0649-40C5-AF4C-DD518601A2A1}.Ad-Hoc|iPhone.ActiveCfg = Ad-Hoc|iPhone
		{A59E4399-0649-40C5-AF4C-DD518601A2A1}.Ad-Hoc|iPhone.Build.0 = Ad-Hoc|iPhone
		{A59E4399-0649-40C5-AF4C-DD518601A2A1}.Ad-Hoc|iPhoneSimulator.ActiveCfg = Ad-Hoc|iPhoneSimulator
		{A59E4399-0649-40C5-AF4C-DD518601A2A1}.Ad-Hoc|iPhoneSimulator.Build.0 = Ad-Hoc|iPhoneSimulator
		{A59E4399-0649-40C5-AF4C-DD518601A2A1}.Ad-Hoc|x64.ActiveCfg = Ad-Hoc|iPhone
		{A59E4399-0649-40C5-AF4C-DD518601A2A1}.Ad-Hoc|x86.ActiveCfg = Ad-Hoc|iPhone
		{A59E4399-0649-40C5-AF4C-DD518601A2A1}.AppStore|Any CPU.ActiveCfg = AppStore|iPhone
		{A59E4399-0649-40C5-AF4C-DD518601A2A1}.AppStore|ARM.ActiveCfg = AppStore|iPhone
		{A59E4399-0649-40C5-AF4C-DD518601A2A1}.AppStore|iPhone.ActiveCfg = AppStore|iPhone
		{A59E4399-0649-40C5-AF4C-DD518601A2A1}.AppStore|iPhone.Build.0 = AppStore|iPhone
		{A59E4399-0649-40C5-AF4C-DD518601A2A1}.AppStore|iPhoneSimulator.ActiveCfg = AppStore|iPhoneSimulator
		{A59E4399-0649-40C5-AF4C-DD518601A2A1}.AppStore|iPhoneSimulator.Build.0 = AppStore|iPhoneSimulator
		{A59E4399-0649-40C5-AF4C-DD518601A2A1}.AppStore|x64.ActiveCfg = AppStore|iPhone
		{A59E4399-0649-40C5-AF4C-DD518601A2A1}.AppStore|x86.ActiveCfg = AppStore|iPhone
		{A59E4399-0649-40C5-AF4C-DD518601A2A1}.Debug|Any CPU.ActiveCfg = Debug|iPhone
		{A59E4399-0649-40C5-AF4C-DD518601A2A1}.Debug|ARM.ActiveCfg = Debug|iPhone
		{A59E4399-0649-40C5-AF4C-DD518601A2A1}.Debug|iPhone.ActiveCfg = Debug|iPhone
		{A59E4399-0649-40C5-AF4C-DD518601A2A1}.Debug|iPhone.Build.0 = Debug|iPhone
		{A59E4399-0649-40C5-AF4C-DD518601A2A1}.Debug|iPhoneSimulator.ActiveCfg = Debug|iPhoneSimulator
		{A59E4399-0649-40C5-AF4C-DD518601A2A1}.Debug|iPhoneSimulator.Build.0 = Debug|iPhoneSimulator
		{A59E4399-0649-40C5-AF4C-DD518601A2A1}.Debug|x64.ActiveCfg = Debug|iPhone
		{A59E4399-0649-40C5-AF4C-DD518601A2A1}.Debug|x86.ActiveCfg = Debug|iPhone
		{A59E4399-0649-40C5-AF4C-DD518601A2A1}.Release|Any CPU.ActiveCfg = Release|iPhone
		{A59E4399-0649-40C5-AF4C-DD518601A2A1}.Release|ARM.ActiveCfg = Release|iPhone
		{A59E4399-0649-40C5-AF4C-DD518601A2A1}.Release|iPhone.ActiveCfg = Release|iPhone
		{A59E4399-0649-40C5-AF4C-DD518601A2A1}.Release|iPhone.Build.0 = Release|iPhone
		{A59E4399-0649-40C5-AF4C-DD518601A2A1}.Release|iPhoneSimulator.ActiveCfg = Release|iPhoneSimulator
		{A59E4399-0649-40C5-AF4C-DD518601A2A1}.Release|iPhoneSimulator.Build.0 = Release|iPhoneSimulator
		{A59E4399-0649-40C5-AF4C-DD518601A2A1}.Release|x64.ActiveCfg = Release|iPhone
		{A59E4399-0649-40C5-AF4C-DD518601A2A1}.Release|x86.ActiveCfg = Release|iPhone
		{579579FA-6D8E-4F73-8DF9-24C86AAF4A05}.Ad-Hoc|Any CPU.ActiveCfg = Release|x86
		{579579FA-6D8E-4F73-8DF9-24C86AAF4A05}.Ad-Hoc|Any CPU.Build.0 = Release|x86
		{579579FA-6D8E-4F73-8DF9-24C86AAF4A05}.Ad-Hoc|Any CPU.Deploy.0 = Release|x86
		{579579FA-6D8E-4F73-8DF9-24C86AAF4A05}.Ad-Hoc|ARM.ActiveCfg = Release|ARM
		{579579FA-6D8E-4F73-8DF9-24C86AAF4A05}.Ad-Hoc|ARM.Build.0 = Release|ARM
		{579579FA-6D8E-4F73-8DF9-24C86AAF4A05}.Ad-Hoc|ARM.Deploy.0 = Release|ARM
		{579579FA-6D8E-4F73-8DF9-24C86AAF4A05}.Ad-Hoc|iPhone.ActiveCfg = Release|x86
		{579579FA-6D8E-4F73-8DF9-24C86AAF4A05}.Ad-Hoc|iPhone.Build.0 = Release|x86
		{579579FA-6D8E-4F73-8DF9-24C86AAF4A05}.Ad-Hoc|iPhone.Deploy.0 = Release|x86
		{579579FA-6D8E-4F73-8DF9-24C86AAF4A05}.Ad-Hoc|iPhoneSimulator.ActiveCfg = Release|x86
		{579579FA-6D8E-4F73-8DF9-24C86AAF4A05}.Ad-Hoc|iPhoneSimulator.Build.0 = Release|x86
		{579579FA-6D8E-4F73-8DF9-24C86AAF4A05}.Ad-Hoc|iPhoneSimulator.Deploy.0 = Release|x86
		{579579FA-6D8E-4F73-8DF9-24C86AAF4A05}.Ad-Hoc|x64.ActiveCfg = Release|x64
		{579579FA-6D8E-4F73-8DF9-24C86AAF4A05}.Ad-Hoc|x64.Build.0 = Release|x64
		{579579FA-6D8E-4F73-8DF9-24C86AAF4A05}.Ad-Hoc|x64.Deploy.0 = Release|x64
		{579579FA-6D8E-4F73-8DF9-24C86AAF4A05}.Ad-Hoc|x86.ActiveCfg = Release|x86
		{579579FA-6D8E-4F73-8DF9-24C86AAF4A05}.Ad-Hoc|x86.Build.0 = Release|x86
		{579579FA-6D8E-4F73-8DF9-24C86AAF4A05}.Ad-Hoc|x86.Deploy.0 = Release|x86
		{579579FA-6D8E-4F73-8DF9-24C86AAF4A05}.AppStore|Any CPU.ActiveCfg = Release|x86
		{579579FA-6D8E-4F73-8DF9-24C86AAF4A05}.AppStore|Any CPU.Build.0 = Release|x86
		{579579FA-6D8E-4F73-8DF9-24C86AAF4A05}.AppStore|Any CPU.Deploy.0 = Release|x86
		{579579FA-6D8E-4F73-8DF9-24C86AAF4A05}.AppStore|ARM.ActiveCfg = Release|ARM
		{579579FA-6D8E-4F73-8DF9-24C86AAF4A05}.AppStore|ARM.Build.0 = Release|ARM
		{579579FA-6D8E-4F73-8DF9-24C86AAF4A05}.AppStore|ARM.Deploy.0 = Release|ARM
		{579579FA-6D8E-4F73-8DF9-24C86AAF4A05}.AppStore|iPhone.ActiveCfg = Release|x86
		{579579FA-6D8E-4F73-8DF9-24C86AAF4A05}.AppStore|iPhone.Build.0 = Release|x86
		{579579FA-6D8E-4F73-8DF9-24C86AAF4A05}.AppStore|iPhone.Deploy.0 = Release|x86
		{579579FA-6D8E-4F73-8DF9-24C86AAF4A05}.AppStore|iPhoneSimulator.ActiveCfg = Release|x86
		{579579FA-6D8E-4F73-8DF9-24C86AAF4A05}.AppStore|iPhoneSimulator.Build.0 = Release|x86
		{579579FA-6D8E-4F73-8DF9-24C86AAF4A05}.AppStore|iPhoneSimulator.Deploy.0 = Release|x86
		{579579FA-6D8E-4F73-8DF9-24C86AAF4A05}.AppStore|x64.ActiveCfg = Release|x64
		{579579FA-6D8E-4F73-8DF9-24C86AAF4A05}.AppStore|x64.Build.0 = Release|x64
		{579579FA-6D8E-4F73-8DF9-24C86AAF4A05}.AppStore|x64.Deploy.0 = Release|x64
		{579579FA-6D8E-4F73-8DF9-24C86AAF4A05}.AppStore|x86.ActiveCfg = Release|x86
		{579579FA-6D8E-4F73-8DF9-24C86AAF4A05}.AppStore|x86.Build.0 = Release|x86
		{579579FA-6D8E-4F73-8DF9-24C86AAF4A05}.AppStore|x86.Deploy.0 = Release|x86
		{579579FA-6D8E-4F73-8DF9-24C86AAF4A05}.Debug|Any CPU.ActiveCfg = Debug|x86
		{579579FA-6D8E-4F73-8DF9-24C86AAF4A05}.Debug|ARM.ActiveCfg = Debug|ARM
		{579579FA-6D8E-4F73-8DF9-24C86AAF4A05}.Debug|ARM.Build.0 = Debug|ARM
		{579579FA-6D8E-4F73-8DF9-24C86AAF4A05}.Debug|ARM.Deploy.0 = Debug|ARM
		{579579FA-6D8E-4F73-8DF9-24C86AAF4A05}.Debug|iPhone.ActiveCfg = Debug|x86
		{579579FA-6D8E-4F73-8DF9-24C86AAF4A05}.Debug|iPhoneSimulator.ActiveCfg = Debug|x86
		{579579FA-6D8E-4F73-8DF9-24C86AAF4A05}.Debug|x64.ActiveCfg = Debug|x64
		{579579FA-6D8E-4F73-8DF9-24C86AAF4A05}.Debug|x64.Build.0 = Debug|x64
		{579579FA-6D8E-4F73-8DF9-24C86AAF4A05}.Debug|x64.Deploy.0 = Debug|x64
		{579579FA-6D8E-4F73-8DF9-24C86AAF4A05}.Debug|x86.ActiveCfg = Debug|x86
		{579579FA-6D8E-4F73-8DF9-24C86AAF4A05}.Debug|x86.Build.0 = Debug|x86
		{579579FA-6D8E-4F73-8DF9-24C86AAF4A05}.Debug|x86.Deploy.0 = Debug|x86
		{579579FA-6D8E-4F73-8DF9-24C86AAF4A05}.Release|Any CPU.ActiveCfg = Release|x86
		{579579FA-6D8E-4F73-8DF9-24C86AAF4A05}.Release|ARM.ActiveCfg = Release|ARM
		{579579FA-6D8E-4F73-8DF9-24C86AAF4A05}.Release|ARM.Build.0 = Release|ARM
		{579579FA-6D8E-4F73-8DF9-24C86AAF4A05}.Release|ARM.Deploy.0 = Release|ARM
		{579579FA-6D8E-4F73-8DF9-24C86AAF4A05}.Release|iPhone.ActiveCfg = Release|x86
		{579579FA-6D8E-4F73-8DF9-24C86AAF4A05}.Release|iPhoneSimulator.ActiveCfg = Release|x86
		{579579FA-6D8E-4F73-8DF9-24C86AAF4A05}.Release|x64.ActiveCfg = Release|x64
		{579579FA-6D8E-4F73-8DF9-24C86AAF4A05}.Release|x64.Build.0 = Release|x64
		{579579FA-6D8E-4F73-8DF9-24C86AAF4A05}.Release|x64.Deploy.0 = Release|x64
		{579579FA-6D8E-4F73-8DF9-24C86AAF4A05}.Release|x86.ActiveCfg = Release|x86
		{579579FA-6D8E-4F73-8DF9-24C86AAF4A05}.Release|x86.Build.0 = Release|x86
		{579579FA-6D8E-4F73-8DF9-24C86AAF4A05}.Release|x86.Deploy.0 = Release|x86
		{DBB91724-EA16-419A-BE60-966F63F0CDAA}.Ad-Hoc|Any CPU.ActiveCfg = Debug|Any CPU
		{DBB91724-EA16-419A-BE60-966F63F0CDAA}.Ad-Hoc|Any CPU.Build.0 = Debug|Any CPU
		{DBB91724-EA16-419A-BE60-966F63F0CDAA}.Ad-Hoc|ARM.ActiveCfg = Debug|Any CPU
		{DBB91724-EA16-419A-BE60-966F63F0CDAA}.Ad-Hoc|ARM.Build.0 = Debug|Any CPU
		{DBB91724-EA16-419A-BE60-966F63F0CDAA}.Ad-Hoc|iPhone.ActiveCfg = Debug|Any CPU
		{DBB91724-EA16-419A-BE60-966F63F0CDAA}.Ad-Hoc|iPhone.Build.0 = Debug|Any CPU
		{DBB91724-EA16-419A-BE60-966F63F0CDAA}.Ad-Hoc|iPhoneSimulator.ActiveCfg = Debug|Any CPU
		{DBB91724-EA16-419A-BE60-966F63F0CDAA}.Ad-Hoc|iPhoneSimulator.Build.0 = Debug|Any CPU
		{DBB91724-EA16-419A-BE60-966F63F0CDAA}.Ad-Hoc|x64.ActiveCfg = Debug|Any CPU
		{DBB91724-EA16-419A-BE60-966F63F0CDAA}.Ad-Hoc|x64.Build.0 = Debug|Any CPU
		{DBB91724-EA16-419A-BE60-966F63F0CDAA}.Ad-Hoc|x86.ActiveCfg = Debug|Any CPU
		{DBB91724-EA16-419A-BE60-966F63F0CDAA}.Ad-Hoc|x86.Build.0 = Debug|Any CPU
		{DBB91724-EA16-419A-BE60-966F63F0CDAA}.AppStore|Any CPU.ActiveCfg = Debug|Any CPU
		{DBB91724-EA16-419A-BE60-966F63F0CDAA}.AppStore|Any CPU.Build.0 = Debug|Any CPU
		{DBB91724-EA16-419A-BE60-966F63F0CDAA}.AppStore|ARM.ActiveCfg = Debug|Any CPU
		{DBB91724-EA16-419A-BE60-966F63F0CDAA}.AppStore|ARM.Build.0 = Debug|Any CPU
		{DBB91724-EA16-419A-BE60-966F63F0CDAA}.AppStore|iPhone.ActiveCfg = Debug|Any CPU
		{DBB91724-EA16-419A-BE60-966F63F0CDAA}.AppStore|iPhone.Build.0 = Debug|Any CPU
		{DBB91724-EA16-419A-BE60-966F63F0CDAA}.AppStore|iPhoneSimulator.ActiveCfg = Debug|Any CPU
		{DBB91724-EA16-419A-BE60-966F63F0CDAA}.AppStore|iPhoneSimulator.Build.0 = Debug|Any CPU
		{DBB91724-EA16-419A-BE60-966F63F0CDAA}.AppStore|x64.ActiveCfg = Debug|Any CPU
		{DBB91724-EA16-419A-BE60-966F63F0CDAA}.AppStore|x64.Build.0 = Debug|Any CPU
		{DBB91724-EA16-419A-BE60-966F63F0CDAA}.AppStore|x86.ActiveCfg = Debug|Any CPU
		{DBB91724-EA16-419A-BE60-966F63F0CDAA}.AppStore|x86.Build.0 = Debug|Any CPU
		{DBB91724-EA16-419A-BE60-966F63F0CDAA}.Debug|Any CPU.ActiveCfg = Debug|Any CPU
		{DBB91724-EA16-419A-BE60-966F63F0CDAA}.Debug|Any CPU.Build.0 = Debug|Any CPU
		{DBB91724-EA16-419A-BE60-966F63F0CDAA}.Debug|ARM.ActiveCfg = Debug|Any CPU
		{DBB91724-EA16-419A-BE60-966F63F0CDAA}.Debug|ARM.Build.0 = Debug|Any CPU
		{DBB91724-EA16-419A-BE60-966F63F0CDAA}.Debug|iPhone.ActiveCfg = Debug|Any CPU
		{DBB91724-EA16-419A-BE60-966F63F0CDAA}.Debug|iPhone.Build.0 = Debug|Any CPU
		{DBB91724-EA16-419A-BE60-966F63F0CDAA}.Debug|iPhoneSimulator.ActiveCfg = Debug|Any CPU
		{DBB91724-EA16-419A-BE60-966F63F0CDAA}.Debug|iPhoneSimulator.Build.0 = Debug|Any CPU
		{DBB91724-EA16-419A-BE60-966F63F0CDAA}.Debug|x64.ActiveCfg = Debug|Any CPU
		{DBB91724-EA16-419A-BE60-966F63F0CDAA}.Debug|x64.Build.0 = Debug|Any CPU
		{DBB91724-EA16-419A-BE60-966F63F0CDAA}.Debug|x86.ActiveCfg = Debug|Any CPU
		{DBB91724-EA16-419A-BE60-966F63F0CDAA}.Debug|x86.Build.0 = Debug|Any CPU
		{DBB91724-EA16-419A-BE60-966F63F0CDAA}.Release|Any CPU.ActiveCfg = Release|Any CPU
		{DBB91724-EA16-419A-BE60-966F63F0CDAA}.Release|Any CPU.Build.0 = Release|Any CPU
		{DBB91724-EA16-419A-BE60-966F63F0CDAA}.Release|ARM.ActiveCfg = Release|Any CPU
		{DBB91724-EA16-419A-BE60-966F63F0CDAA}.Release|ARM.Build.0 = Release|Any CPU
		{DBB91724-EA16-419A-BE60-966F63F0CDAA}.Release|iPhone.ActiveCfg = Release|Any CPU
		{DBB91724-EA16-419A-BE60-966F63F0CDAA}.Release|iPhone.Build.0 = Release|Any CPU
		{DBB91724-EA16-419A-BE60-966F63F0CDAA}.Release|iPhoneSimulator.ActiveCfg = Release|Any CPU
		{DBB91724-EA16-419A-BE60-966F63F0CDAA}.Release|iPhoneSimulator.Build.0 = Release|Any CPU
		{DBB91724-EA16-419A-BE60-966F63F0CDAA}.Release|x64.ActiveCfg = Release|Any CPU
		{DBB91724-EA16-419A-BE60-966F63F0CDAA}.Release|x64.Build.0 = Release|Any CPU
		{DBB91724-EA16-419A-BE60-966F63F0CDAA}.Release|x86.ActiveCfg = Release|Any CPU
		{DBB91724-EA16-419A-BE60-966F63F0CDAA}.Release|x86.Build.0 = Release|Any CPU
	EndGlobalSection
	GlobalSection(SolutionProperties) = preSolution
		HideSolutionNode = FALSE
	EndGlobalSection
	GlobalSection(ExtensibilityGlobals) = postSolution
		SolutionGuid = {4C314594-B759-4BD6-A202-3E7DB167FADA}
	EndGlobalSection
EndGlobal
